// !$*UTF8*$!
{
	archiveVersion = 1;
	classes = {
	};
	objectVersion = 56;
	objects = {

/* Begin PBXBuildFile section */
		92B1D8602C75C0E90090BF2F /* AppDelegate.swift in Sources */ = {isa = PBXBuildFile; fileRef = 92B1D85F2C75C0E90090BF2F /* AppDelegate.swift */; };
		92B1D8672C75C0E90090BF2F /* Base in Resources */ = {isa = PBXBuildFile; fileRef = 92B1D8662C75C0E90090BF2F /* Base */; };
		92B1D8692C75C0EB0090BF2F /* Assets.xcassets in Resources */ = {isa = PBXBuildFile; fileRef = 92B1D8682C75C0EB0090BF2F /* Assets.xcassets */; };
		92B1D86C2C75C0EB0090BF2F /* Base in Resources */ = {isa = PBXBuildFile; fileRef = 92B1D86B2C75C0EB0090BF2F /* Base */; };
		92B1D8982C75CC100090BF2F /* Data.json in Resources */ = {isa = PBXBuildFile; fileRef = 92B1D8972C75CC100090BF2F /* Data.json */; };
		92B1D89A2C75D26C0090BF2F /* FruitModel.swift in Sources */ = {isa = PBXBuildFile; fileRef = 92B1D8992C75D26C0090BF2F /* FruitModel.swift */; };
		92B1D89C2C75D3620090BF2F /* FileReader.swift in Sources */ = {isa = PBXBuildFile; fileRef = 92B1D89B2C75D3620090BF2F /* FileReader.swift */; };
		92B1D89E2C75D4BD0090BF2F /* FruitViewModel.swift in Sources */ = {isa = PBXBuildFile; fileRef = 92B1D89D2C75D4BD0090BF2F /* FruitViewModel.swift */; };
		92B1D8A12C75F5DE0090BF2F /* FruitListViewController.swift in Sources */ = {isa = PBXBuildFile; fileRef = 92B1D8A02C75F5DE0090BF2F /* FruitListViewController.swift */; };
		92B1D8A52C75F66B0090BF2F /* FruitDetailsTableViewCell.xib in Resources */ = {isa = PBXBuildFile; fileRef = 92B1D8A42C75F66B0090BF2F /* FruitDetailsTableViewCell.xib */; };
		92B1D8A62C75F66B0090BF2F /* FruitDetailsTableViewCell.swift in Sources */ = {isa = PBXBuildFile; fileRef = 92B1D8A32C75F66B0090BF2F /* FruitDetailsTableViewCell.swift */; };
		92B1D8A82C75FE640090BF2F /* StringConstant.swift in Sources */ = {isa = PBXBuildFile; fileRef = 92B1D8A72C75FE640090BF2F /* StringConstant.swift */; };
		92B1D8AA2C7606310090BF2F /* SceneDelegate.swift in Sources */ = {isa = PBXBuildFile; fileRef = 92B1D8A92C7606310090BF2F /* SceneDelegate.swift */; };
		92B1D8AC2C760E0B0090BF2F /* UIViewcontroller+Extension.swift in Sources */ = {isa = PBXBuildFile; fileRef = 92B1D8AB2C760E0B0090BF2F /* UIViewcontroller+Extension.swift */; };
/* End PBXBuildFile section */

/* Begin PBXContainerItemProxy section */
		92B1D8732C75C0EB0090BF2F /* PBXContainerItemProxy */ = {
			isa = PBXContainerItemProxy;
			containerPortal = 92B1D8542C75C0E90090BF2F /* Project object */;
			proxyType = 1;
			remoteGlobalIDString = 92B1D85B2C75C0E90090BF2F;
			remoteInfo = MVVM_Demo;
		};
		92B1D87D2C75C0EB0090BF2F /* PBXContainerItemProxy */ = {
			isa = PBXContainerItemProxy;
			containerPortal = 92B1D8542C75C0E90090BF2F /* Project object */;
			proxyType = 1;
			remoteGlobalIDString = 92B1D85B2C75C0E90090BF2F;
			remoteInfo = MVVM_Demo;
		};
/* End PBXContainerItemProxy section */

/* Begin PBXFileReference section */
		92B1D85C2C75C0E90090BF2F /* MVVM_Demo.app */ = {isa = PBXFileReference; explicitFileType = wrapper.application; includeInIndex = 0; path = MVVM_Demo.app; sourceTree = BUILT_PRODUCTS_DIR; };
		92B1D85F2C75C0E90090BF2F /* AppDelegate.swift */ = {isa = PBXFileReference; lastKnownFileType = sourcecode.swift; path = AppDelegate.swift; sourceTree = "<group>"; };
		92B1D8662C75C0E90090BF2F /* Base */ = {isa = PBXFileReference; lastKnownFileType = file.storyboard; name = Base; path = Base.lproj/Main.storyboard; sourceTree = "<group>"; };
		92B1D8682C75C0EB0090BF2F /* Assets.xcassets */ = {isa = PBXFileReference; lastKnownFileType = folder.assetcatalog; path = Assets.xcassets; sourceTree = "<group>"; };
		92B1D86B2C75C0EB0090BF2F /* Base */ = {isa = PBXFileReference; lastKnownFileType = file.storyboard; name = Base; path = Base.lproj/LaunchScreen.storyboard; sourceTree = "<group>"; };
		92B1D86D2C75C0EB0090BF2F /* Info.plist */ = {isa = PBXFileReference; lastKnownFileType = text.plist.xml; path = Info.plist; sourceTree = "<group>"; };
		92B1D8722C75C0EB0090BF2F /* MVVM_DemoTests.xctest */ = {isa = PBXFileReference; explicitFileType = wrapper.cfbundle; includeInIndex = 0; path = MVVM_DemoTests.xctest; sourceTree = BUILT_PRODUCTS_DIR; };
		92B1D87C2C75C0EB0090BF2F /* MVVM_DemoUITests.xctest */ = {isa = PBXFileReference; explicitFileType = wrapper.cfbundle; includeInIndex = 0; path = MVVM_DemoUITests.xctest; sourceTree = BUILT_PRODUCTS_DIR; };
		92B1D8972C75CC100090BF2F /* Data.json */ = {isa = PBXFileReference; fileEncoding = 4; lastKnownFileType = text.json; path = Data.json; sourceTree = "<group>"; };
		92B1D8992C75D26C0090BF2F /* FruitModel.swift */ = {isa = PBXFileReference; lastKnownFileType = sourcecode.swift; path = FruitModel.swift; sourceTree = "<group>"; };
		92B1D89B2C75D3620090BF2F /* FileReader.swift */ = {isa = PBXFileReference; lastKnownFileType = sourcecode.swift; path = FileReader.swift; sourceTree = "<group>"; };
		92B1D89D2C75D4BD0090BF2F /* FruitViewModel.swift */ = {isa = PBXFileReference; lastKnownFileType = sourcecode.swift; path = FruitViewModel.swift; sourceTree = "<group>"; };
		92B1D8A02C75F5DE0090BF2F /* FruitListViewController.swift */ = {isa = PBXFileReference; lastKnownFileType = sourcecode.swift; path = FruitListViewController.swift; sourceTree = "<group>"; };
		92B1D8A32C75F66B0090BF2F /* FruitDetailsTableViewCell.swift */ = {isa = PBXFileReference; lastKnownFileType = sourcecode.swift; path = FruitDetailsTableViewCell.swift; sourceTree = "<group>"; };
		92B1D8A42C75F66B0090BF2F /* FruitDetailsTableViewCell.xib */ = {isa = PBXFileReference; lastKnownFileType = file.xib; path = FruitDetailsTableViewCell.xib; sourceTree = "<group>"; };
		92B1D8A72C75FE640090BF2F /* StringConstant.swift */ = {isa = PBXFileReference; lastKnownFileType = sourcecode.swift; path = StringConstant.swift; sourceTree = "<group>"; };
		92B1D8A92C7606310090BF2F /* SceneDelegate.swift */ = {isa = PBXFileReference; fileEncoding = 4; lastKnownFileType = sourcecode.swift; path = SceneDelegate.swift; sourceTree = "<group>"; };
		92B1D8AB2C760E0B0090BF2F /* UIViewcontroller+Extension.swift */ = {isa = PBXFileReference; lastKnownFileType = sourcecode.swift; path = "UIViewcontroller+Extension.swift"; sourceTree = "<group>"; };
/* End PBXFileReference section */

/* Begin PBXFrameworksBuildPhase section */
		92B1D8592C75C0E90090BF2F /* Frameworks */ = {
			isa = PBXFrameworksBuildPhase;
			buildActionMask = 2147483647;
			files = (
			);
			runOnlyForDeploymentPostprocessing = 0;
		};
		92B1D86F2C75C0EB0090BF2F /* Frameworks */ = {
			isa = PBXFrameworksBuildPhase;
			buildActionMask = 2147483647;
			files = (
			);
			runOnlyForDeploymentPostprocessing = 0;
		};
		92B1D8792C75C0EB0090BF2F /* Frameworks */ = {
			isa = PBXFrameworksBuildPhase;
			buildActionMask = 2147483647;
			files = (
			);
			runOnlyForDeploymentPostprocessing = 0;
		};
/* End PBXFrameworksBuildPhase section */

/* Begin PBXGroup section */
		92B1D8532C75C0E90090BF2F = {
			isa = PBXGroup;
			children = (
				92B1D85E2C75C0E90090BF2F /* MVVM_Demo */,
				92B1D85D2C75C0E90090BF2F /* Products */,
			);
			sourceTree = "<group>";
		};
		92B1D85D2C75C0E90090BF2F /* Products */ = {
			isa = PBXGroup;
			children = (
				92B1D85C2C75C0E90090BF2F /* MVVM_Demo.app */,
				92B1D8722C75C0EB0090BF2F /* MVVM_DemoTests.xctest */,
				92B1D87C2C75C0EB0090BF2F /* MVVM_DemoUITests.xctest */,
			);
			name = Products;
			sourceTree = "<group>";
		};
		92B1D85E2C75C0E90090BF2F /* MVVM_Demo */ = {
			isa = PBXGroup;
			children = (
				92B1D8AD2C7613030090BF2F /* Application */,
				92B1D8952C75C1B90090BF2F /* Resources */,
				92B1D8922C75C18C0090BF2F /* Utils */,
				92B1D89F2C75F5870090BF2F /* FruitList */,
				92B1D8AE2C7613560090BF2F /* Storyboard */,
				92B1D86D2C75C0EB0090BF2F /* Info.plist */,
			);
			path = MVVM_Demo;
			sourceTree = "<group>";
		};
		92B1D88F2C75C1610090BF2F /* Model */ = {
			isa = PBXGroup;
			children = (
				92B1D8992C75D26C0090BF2F /* FruitModel.swift */,
			);
			path = Model;
			sourceTree = "<group>";
		};
		92B1D8902C75C1670090BF2F /* ViewModel */ = {
			isa = PBXGroup;
			children = (
				92B1D89D2C75D4BD0090BF2F /* FruitViewModel.swift */,
			);
			path = ViewModel;
			sourceTree = "<group>";
		};
		92B1D8912C75C1720090BF2F /* View */ = {
			isa = PBXGroup;
			children = (
				92B1D8A22C75F6010090BF2F /* Cells */,
				92B1D8A02C75F5DE0090BF2F /* FruitListViewController.swift */,
			);
			path = View;
			sourceTree = "<group>";
		};
		92B1D8922C75C18C0090BF2F /* Utils */ = {
			isa = PBXGroup;
			children = (
				92B1D8942C75C1A10090BF2F /* Constant */,
				92B1D8932C75C1930090BF2F /* Extensions */,
				92B1D89B2C75D3620090BF2F /* FileReader.swift */,
			);
			path = Utils;
			sourceTree = "<group>";
		};
		92B1D8932C75C1930090BF2F /* Extensions */ = {
			isa = PBXGroup;
			children = (
				92B1D8AB2C760E0B0090BF2F /* UIViewcontroller+Extension.swift */,
			);
			path = Extensions;
			sourceTree = "<group>";
		};
		92B1D8942C75C1A10090BF2F /* Constant */ = {
			isa = PBXGroup;
			children = (
				92B1D8A72C75FE640090BF2F /* StringConstant.swift */,
			);
			path = Constant;
			sourceTree = "<group>";
		};
		92B1D8952C75C1B90090BF2F /* Resources */ = {
			isa = PBXGroup;
			children = (
				92B1D8962C75C1CD0090BF2F /* JsonFiles */,
			);
			path = Resources;
			sourceTree = "<group>";
		};
		92B1D8962C75C1CD0090BF2F /* JsonFiles */ = {
			isa = PBXGroup;
			children = (
				92B1D8972C75CC100090BF2F /* Data.json */,
				92B1D8682C75C0EB0090BF2F /* Assets.xcassets */,
			);
			path = JsonFiles;
			sourceTree = "<group>";
		};
		92B1D89F2C75F5870090BF2F /* FruitList */ = {
			isa = PBXGroup;
			children = (
				92B1D88F2C75C1610090BF2F /* Model */,
				92B1D8912C75C1720090BF2F /* View */,
				92B1D8902C75C1670090BF2F /* ViewModel */,
			);
			path = FruitList;
			sourceTree = "<group>";
		};
		92B1D8A22C75F6010090BF2F /* Cells */ = {
			isa = PBXGroup;
			children = (
				92B1D8A32C75F66B0090BF2F /* FruitDetailsTableViewCell.swift */,
				92B1D8A42C75F66B0090BF2F /* FruitDetailsTableViewCell.xib */,
			);
			path = Cells;
			sourceTree = "<group>";
		};
		92B1D8AD2C7613030090BF2F /* Application */ = {
			isa = PBXGroup;
			children = (
				92B1D85F2C75C0E90090BF2F /* AppDelegate.swift */,
				92B1D8A92C7606310090BF2F /* SceneDelegate.swift */,
			);
			path = Application;
			sourceTree = "<group>";
		};
		92B1D8AE2C7613560090BF2F /* Storyboard */ = {
			isa = PBXGroup;
			children = (
				92B1D8652C75C0E90090BF2F /* Main.storyboard */,
				92B1D86A2C75C0EB0090BF2F /* LaunchScreen.storyboard */,
			);
			path = Storyboard;
			sourceTree = "<group>";
		};
/* End PBXGroup section */

/* Begin PBXNativeTarget section */
		92B1D85B2C75C0E90090BF2F /* MVVM_Demo */ = {
			isa = PBXNativeTarget;
			buildConfigurationList = 92B1D8862C75C0EB0090BF2F /* Build configuration list for PBXNativeTarget "MVVM_Demo" */;
			buildPhases = (
				92B1D8582C75C0E90090BF2F /* Sources */,
				92B1D8592C75C0E90090BF2F /* Frameworks */,
				92B1D85A2C75C0E90090BF2F /* Resources */,
			);
			buildRules = (
			);
			dependencies = (
			);
			name = MVVM_Demo;
			productName = MVVM_Demo;
			productReference = 92B1D85C2C75C0E90090BF2F /* MVVM_Demo.app */;
			productType = "com.apple.product-type.application";
		};
		92B1D8712C75C0EB0090BF2F /* MVVM_DemoTests */ = {
			isa = PBXNativeTarget;
			buildConfigurationList = 92B1D8892C75C0EB0090BF2F /* Build configuration list for PBXNativeTarget "MVVM_DemoTests" */;
			buildPhases = (
				92B1D86E2C75C0EB0090BF2F /* Sources */,
				92B1D86F2C75C0EB0090BF2F /* Frameworks */,
				92B1D8702C75C0EB0090BF2F /* Resources */,
			);
			buildRules = (
			);
			dependencies = (
				92B1D8742C75C0EB0090BF2F /* PBXTargetDependency */,
			);
			name = MVVM_DemoTests;
			productName = MVVM_DemoTests;
			productReference = 92B1D8722C75C0EB0090BF2F /* MVVM_DemoTests.xctest */;
			productType = "com.apple.product-type.bundle.unit-test";
		};
		92B1D87B2C75C0EB0090BF2F /* MVVM_DemoUITests */ = {
			isa = PBXNativeTarget;
			buildConfigurationList = 92B1D88C2C75C0EB0090BF2F /* Build configuration list for PBXNativeTarget "MVVM_DemoUITests" */;
			buildPhases = (
				92B1D8782C75C0EB0090BF2F /* Sources */,
				92B1D8792C75C0EB0090BF2F /* Frameworks */,
				92B1D87A2C75C0EB0090BF2F /* Resources */,
			);
			buildRules = (
			);
			dependencies = (
				92B1D87E2C75C0EB0090BF2F /* PBXTargetDependency */,
			);
			name = MVVM_DemoUITests;
			productName = MVVM_DemoUITests;
			productReference = 92B1D87C2C75C0EB0090BF2F /* MVVM_DemoUITests.xctest */;
			productType = "com.apple.product-type.bundle.ui-testing";
		};
/* End PBXNativeTarget section */

/* Begin PBXProject section */
		92B1D8542C75C0E90090BF2F /* Project object */ = {
			isa = PBXProject;
			attributes = {
				BuildIndependentTargetsInParallel = 1;
				LastSwiftUpdateCheck = 1540;
				LastUpgradeCheck = 1540;
				TargetAttributes = {
					92B1D85B2C75C0E90090BF2F = {
						CreatedOnToolsVersion = 15.4;
					};
					92B1D8712C75C0EB0090BF2F = {
						CreatedOnToolsVersion = 15.4;
						TestTargetID = 92B1D85B2C75C0E90090BF2F;
					};
					92B1D87B2C75C0EB0090BF2F = {
						CreatedOnToolsVersion = 15.4;
						TestTargetID = 92B1D85B2C75C0E90090BF2F;
					};
				};
			};
			buildConfigurationList = 92B1D8572C75C0E90090BF2F /* Build configuration list for PBXProject "MVVM_Demo" */;
			compatibilityVersion = "Xcode 14.0";
			developmentRegion = en;
			hasScannedForEncodings = 0;
			knownRegions = (
				en,
				Base,
			);
			mainGroup = 92B1D8532C75C0E90090BF2F;
			productRefGroup = 92B1D85D2C75C0E90090BF2F /* Products */;
			projectDirPath = "";
			projectRoot = "";
			targets = (
				92B1D85B2C75C0E90090BF2F /* MVVM_Demo */,
				92B1D8712C75C0EB0090BF2F /* MVVM_DemoTests */,
				92B1D87B2C75C0EB0090BF2F /* MVVM_DemoUITests */,
			);
		};
/* End PBXProject section */

/* Begin PBXResourcesBuildPhase section */
		92B1D85A2C75C0E90090BF2F /* Resources */ = {
			isa = PBXResourcesBuildPhase;
			buildActionMask = 2147483647;
			files = (
				92B1D8692C75C0EB0090BF2F /* Assets.xcassets in Resources */,
				92B1D86C2C75C0EB0090BF2F /* Base in Resources */,
				92B1D8672C75C0E90090BF2F /* Base in Resources */,
				92B1D8A52C75F66B0090BF2F /* FruitDetailsTableViewCell.xib in Resources */,
				92B1D8982C75CC100090BF2F /* Data.json in Resources */,
			);
			runOnlyForDeploymentPostprocessing = 0;
		};
		92B1D8702C75C0EB0090BF2F /* Resources */ = {
			isa = PBXResourcesBuildPhase;
			buildActionMask = 2147483647;
			files = (
			);
			runOnlyForDeploymentPostprocessing = 0;
		};
		92B1D87A2C75C0EB0090BF2F /* Resources */ = {
			isa = PBXResourcesBuildPhase;
			buildActionMask = 2147483647;
			files = (
			);
			runOnlyForDeploymentPostprocessing = 0;
		};
/* End PBXResourcesBuildPhase section */

/* Begin PBXSourcesBuildPhase section */
		92B1D8582C75C0E90090BF2F /* Sources */ = {
			isa = PBXSourcesBuildPhase;
			buildActionMask = 2147483647;
			files = (
				92B1D8AC2C760E0B0090BF2F /* UIViewcontroller+Extension.swift in Sources */,
				92B1D8A82C75FE640090BF2F /* StringConstant.swift in Sources */,
				92B1D8A12C75F5DE0090BF2F /* FruitListViewController.swift in Sources */,
				92B1D8A62C75F66B0090BF2F /* FruitDetailsTableViewCell.swift in Sources */,
				92B1D89E2C75D4BD0090BF2F /* FruitViewModel.swift in Sources */,
				92B1D89C2C75D3620090BF2F /* FileReader.swift in Sources */,
				92B1D8602C75C0E90090BF2F /* AppDelegate.swift in Sources */,
				92B1D89A2C75D26C0090BF2F /* FruitModel.swift in Sources */,
				92B1D8AA2C7606310090BF2F /* SceneDelegate.swift in Sources */,
			);
			runOnlyForDeploymentPostprocessing = 0;
		};
		92B1D86E2C75C0EB0090BF2F /* Sources */ = {
			isa = PBXSourcesBuildPhase;
			buildActionMask = 2147483647;
			files = (
			);
			runOnlyForDeploymentPostprocessing = 0;
		};
		92B1D8782C75C0EB0090BF2F /* Sources */ = {
			isa = PBXSourcesBuildPhase;
			buildActionMask = 2147483647;
			files = (
			);
			runOnlyForDeploymentPostprocessing = 0;
		};
/* End PBXSourcesBuildPhase section */

/* Begin PBXTargetDependency section */
		92B1D8742C75C0EB0090BF2F /* PBXTargetDependency */ = {
			isa = PBXTargetDependency;
			target = 92B1D85B2C75C0E90090BF2F /* MVVM_Demo */;
			targetProxy = 92B1D8732C75C0EB0090BF2F /* PBXContainerItemProxy */;
		};
		92B1D87E2C75C0EB0090BF2F /* PBXTargetDependency */ = {
			isa = PBXTargetDependency;
			target = 92B1D85B2C75C0E90090BF2F /* MVVM_Demo */;
			targetProxy = 92B1D87D2C75C0EB0090BF2F /* PBXContainerItemProxy */;
		};
/* End PBXTargetDependency section */

/* Begin PBXVariantGroup section */
		92B1D8652C75C0E90090BF2F /* Main.storyboard */ = {
			isa = PBXVariantGroup;
			children = (
				92B1D8662C75C0E90090BF2F /* Base */,
			);
			name = Main.storyboard;
			sourceTree = "<group>";
		};
		92B1D86A2C75C0EB0090BF2F /* LaunchScreen.storyboard */ = {
			isa = PBXVariantGroup;
			children = (
				92B1D86B2C75C0EB0090BF2F /* Base */,
			);
			name = LaunchScreen.storyboard;
			sourceTree = "<group>";
		};
/* End PBXVariantGroup section */

/* Begin XCBuildConfiguration section */
		92B1D8842C75C0EB0090BF2F /* Debug */ = {
			isa = XCBuildConfiguration;
			buildSettings = {
				ALWAYS_SEARCH_USER_PATHS = NO;
				ASSETCATALOG_COMPILER_GENERATE_SWIFT_ASSET_SYMBOL_EXTENSIONS = YES;
				CLANG_ANALYZER_NONNULL = YES;
				CLANG_ANALYZER_NUMBER_OBJECT_CONVERSION = YES_AGGRESSIVE;
				CLANG_CXX_LANGUAGE_STANDARD = "gnu++20";
				CLANG_ENABLE_MODULES = YES;
				CLANG_ENABLE_OBJC_ARC = YES;
				CLANG_ENABLE_OBJC_WEAK = YES;
				CLANG_WARN_BLOCK_CAPTURE_AUTORELEASING = YES;
				CLANG_WARN_BOOL_CONVERSION = YES;
				CLANG_WARN_COMMA = YES;
				CLANG_WARN_CONSTANT_CONVERSION = YES;
				CLANG_WARN_DEPRECATED_OBJC_IMPLEMENTATIONS = YES;
				CLANG_WARN_DIRECT_OBJC_ISA_USAGE = YES_ERROR;
				CLANG_WARN_DOCUMENTATION_COMMENTS = YES;
				CLANG_WARN_EMPTY_BODY = YES;
				CLANG_WARN_ENUM_CONVERSION = YES;
				CLANG_WARN_INFINITE_RECURSION = YES;
				CLANG_WARN_INT_CONVERSION = YES;
				CLANG_WARN_NON_LITERAL_NULL_CONVERSION = YES;
				CLANG_WARN_OBJC_IMPLICIT_RETAIN_SELF = YES;
				CLANG_WARN_OBJC_LITERAL_CONVERSION = YES;
				CLANG_WARN_OBJC_ROOT_CLASS = YES_ERROR;
				CLANG_WARN_QUOTED_INCLUDE_IN_FRAMEWORK_HEADER = YES;
				CLANG_WARN_RANGE_LOOP_ANALYSIS = YES;
				CLANG_WARN_STRICT_PROTOTYPES = YES;
				CLANG_WARN_SUSPICIOUS_MOVE = YES;
				CLANG_WARN_UNGUARDED_AVAILABILITY = YES_AGGRESSIVE;
				CLANG_WARN_UNREACHABLE_CODE = YES;
				CLANG_WARN__DUPLICATE_METHOD_MATCH = YES;
				COPY_PHASE_STRIP = NO;
				DEBUG_INFORMATION_FORMAT = dwarf;
				ENABLE_STRICT_OBJC_MSGSEND = YES;
				ENABLE_TESTABILITY = YES;
				ENABLE_USER_SCRIPT_SANDBOXING = YES;
				GCC_C_LANGUAGE_STANDARD = gnu17;
				GCC_DYNAMIC_NO_PIC = NO;
				GCC_NO_COMMON_BLOCKS = YES;
				GCC_OPTIMIZATION_LEVEL = 0;
				GCC_PREPROCESSOR_DEFINITIONS = (
					"DEBUG=1",
					"$(inherited)",
				);
				GCC_WARN_64_TO_32_BIT_CONVERSION = YES;
				GCC_WARN_ABOUT_RETURN_TYPE = YES_ERROR;
				GCC_WARN_UNDECLARED_SELECTOR = YES;
				GCC_WARN_UNINITIALIZED_AUTOS = YES_AGGRESSIVE;
				GCC_WARN_UNUSED_FUNCTION = YES;
				GCC_WARN_UNUSED_VARIABLE = YES;
				IPHONEOS_DEPLOYMENT_TARGET = 17.5;
				LOCALIZATION_PREFERS_STRING_CATALOGS = YES;
				MTL_ENABLE_DEBUG_INFO = INCLUDE_SOURCE;
				MTL_FAST_MATH = YES;
				ONLY_ACTIVE_ARCH = YES;
				SDKROOT = iphoneos;
				SWIFT_ACTIVE_COMPILATION_CONDITIONS = "DEBUG $(inherited)";
				SWIFT_OPTIMIZATION_LEVEL = "-Onone";
			};
			name = Debug;
		};
		92B1D8852C75C0EB0090BF2F /* Release */ = {
			isa = XCBuildConfiguration;
			buildSettings = {
				ALWAYS_SEARCH_USER_PATHS = NO;
				ASSETCATALOG_COMPILER_GENERATE_SWIFT_ASSET_SYMBOL_EXTENSIONS = YES;
				CLANG_ANALYZER_NONNULL = YES;
				CLANG_ANALYZER_NUMBER_OBJECT_CONVERSION = YES_AGGRESSIVE;
				CLANG_CXX_LANGUAGE_STANDARD = "gnu++20";
				CLANG_ENABLE_MODULES = YES;
				CLANG_ENABLE_OBJC_ARC = YES;
				CLANG_ENABLE_OBJC_WEAK = YES;
				CLANG_WARN_BLOCK_CAPTURE_AUTORELEASING = YES;
				CLANG_WARN_BOOL_CONVERSION = YES;
				CLANG_WARN_COMMA = YES;
				CLANG_WARN_CONSTANT_CONVERSION = YES;
				CLANG_WARN_DEPRECATED_OBJC_IMPLEMENTATIONS = YES;
				CLANG_WARN_DIRECT_OBJC_ISA_USAGE = YES_ERROR;
				CLANG_WARN_DOCUMENTATION_COMMENTS = YES;
				CLANG_WARN_EMPTY_BODY = YES;
				CLANG_WARN_ENUM_CONVERSION = YES;
				CLANG_WARN_INFINITE_RECURSION = YES;
				CLANG_WARN_INT_CONVERSION = YES;
				CLANG_WARN_NON_LITERAL_NULL_CONVERSION = YES;
				CLANG_WARN_OBJC_IMPLICIT_RETAIN_SELF = YES;
				CLANG_WARN_OBJC_LITERAL_CONVERSION = YES;
				CLANG_WARN_OBJC_ROOT_CLASS = YES_ERROR;
				CLANG_WARN_QUOTED_INCLUDE_IN_FRAMEWORK_HEADER = YES;
				CLANG_WARN_RANGE_LOOP_ANALYSIS = YES;
				CLANG_WARN_STRICT_PROTOTYPES = YES;
				CLANG_WARN_SUSPICIOUS_MOVE = YES;
				CLANG_WARN_UNGUARDED_AVAILABILITY = YES_AGGRESSIVE;
				CLANG_WARN_UNREACHABLE_CODE = YES;
				CLANG_WARN__DUPLICATE_METHOD_MATCH = YES;
				COPY_PHASE_STRIP = NO;
				DEBUG_INFORMATION_FORMAT = "dwarf-with-dsym";
				ENABLE_NS_ASSERTIONS = NO;
				ENABLE_STRICT_OBJC_MSGSEND = YES;
				ENABLE_USER_SCRIPT_SANDBOXING = YES;
				GCC_C_LANGUAGE_STANDARD = gnu17;
				GCC_NO_COMMON_BLOCKS = YES;
				GCC_WARN_64_TO_32_BIT_CONVERSION = YES;
				GCC_WARN_ABOUT_RETURN_TYPE = YES_ERROR;
				GCC_WARN_UNDECLARED_SELECTOR = YES;
				GCC_WARN_UNINITIALIZED_AUTOS = YES_AGGRESSIVE;
				GCC_WARN_UNUSED_FUNCTION = YES;
				GCC_WARN_UNUSED_VARIABLE = YES;
				IPHONEOS_DEPLOYMENT_TARGET = 17.5;
				LOCALIZATION_PREFERS_STRING_CATALOGS = YES;
				MTL_ENABLE_DEBUG_INFO = NO;
				MTL_FAST_MATH = YES;
				SDKROOT = iphoneos;
				SWIFT_COMPILATION_MODE = wholemodule;
				VALIDATE_PRODUCT = YES;
			};
			name = Release;
		};
		92B1D8872C75C0EB0090BF2F /* Debug */ = {
			isa = XCBuildConfiguration;
			buildSettings = {
				ASSETCATALOG_COMPILER_APPICON_NAME = AppIcon;
				ASSETCATALOG_COMPILER_GLOBAL_ACCENT_COLOR_NAME = AccentColor;
				CODE_SIGN_STYLE = Automatic;
				CURRENT_PROJECT_VERSION = 1;
				DEVELOPMENT_TEAM = DA5STKA3G5;
				GENERATE_INFOPLIST_FILE = YES;
				INFOPLIST_FILE = MVVM_Demo/Info.plist;
				INFOPLIST_KEY_UIApplicationSupportsIndirectInputEvents = YES;
				INFOPLIST_KEY_UILaunchStoryboardName = LaunchScreen;
				INFOPLIST_KEY_UIMainStoryboardFile = Main;
				INFOPLIST_KEY_UISupportedInterfaceOrientations_iPad = "UIInterfaceOrientationPortrait UIInterfaceOrientationPortraitUpsideDown UIInterfaceOrientationLandscapeLeft UIInterfaceOrientationLandscapeRight";
				INFOPLIST_KEY_UISupportedInterfaceOrientations_iPhone = "UIInterfaceOrientationPortrait UIInterfaceOrientationLandscapeLeft UIInterfaceOrientationLandscapeRight";
				LD_RUNPATH_SEARCH_PATHS = (
					"$(inherited)",
					"@executable_path/Frameworks",
				);
				MARKETING_VERSION = 1.0;
				PRODUCT_BUNDLE_IDENTIFIER = "tejaswini.com.MVVM-Demo";
				PRODUCT_NAME = "$(TARGET_NAME)";
				SWIFT_EMIT_LOC_STRINGS = YES;
				SWIFT_VERSION = 5.0;
				TARGETED_DEVICE_FAMILY = "1,2";
			};
			name = Debug;
		};
		92B1D8882C75C0EB0090BF2F /* Release */ = {
			isa = XCBuildConfiguration;
			buildSettings = {
				ASSETCATALOG_COMPILER_APPICON_NAME = AppIcon;
				ASSETCATALOG_COMPILER_GLOBAL_ACCENT_COLOR_NAME = AccentColor;
				CODE_SIGN_STYLE = Automatic;
				CURRENT_PROJECT_VERSION = 1;
				DEVELOPMENT_TEAM = DA5STKA3G5;
				GENERATE_INFOPLIST_FILE = YES;
				INFOPLIST_FILE = MVVM_Demo/Info.plist;
				INFOPLIST_KEY_UIApplicationSupportsIndirectInputEvents = YES;
				INFOPLIST_KEY_UILaunchStoryboardName = LaunchScreen;
				INFOPLIST_KEY_UIMainStoryboardFile = Main;
				INFOPLIST_KEY_UISupportedInterfaceOrientations_iPad = "UIInterfaceOrientationPortrait UIInterfaceOrientationPortraitUpsideDown UIInterfaceOrientationLandscapeLeft UIInterfaceOrientationLandscapeRight";
				INFOPLIST_KEY_UISupportedInterfaceOrientations_iPhone = "UIInterfaceOrientationPortrait UIInterfaceOrientationLandscapeLeft UIInterfaceOrientationLandscapeRight";
				LD_RUNPATH_SEARCH_PATHS = (
					"$(inherited)",
					"@executable_path/Frameworks",
				);
				MARKETING_VERSION = 1.0;
				PRODUCT_BUNDLE_IDENTIFIER = "tejaswini.com.MVVM-Demo";
				PRODUCT_NAME = "$(TARGET_NAME)";
				SWIFT_EMIT_LOC_STRINGS = YES;
				SWIFT_VERSION = 5.0;
				TARGETED_DEVICE_FAMILY = "1,2";
			};
			name = Release;
		};
		92B1D88A2C75C0EB0090BF2F /* Debug */ = {
			isa = XCBuildConfiguration;
			buildSettings = {
				ALWAYS_EMBED_SWIFT_STANDARD_LIBRARIES = YES;
				BUNDLE_LOADER = "$(TEST_HOST)";
				CODE_SIGN_STYLE = Automatic;
				CURRENT_PROJECT_VERSION = 1;
				DEVELOPMENT_TEAM = DA5STKA3G5;
				GENERATE_INFOPLIST_FILE = YES;
				IPHONEOS_DEPLOYMENT_TARGET = 17.5;
				MARKETING_VERSION = 1.0;
				PRODUCT_BUNDLE_IDENTIFIER = "tejaswini.com.MVVM-DemoTests";
				PRODUCT_NAME = "$(TARGET_NAME)";
				SWIFT_EMIT_LOC_STRINGS = NO;
				SWIFT_VERSION = 5.0;
				TARGETED_DEVICE_FAMILY = "1,2";
				TEST_HOST = "$(BUILT_PRODUCTS_DIR)/MVVM_Demo.app/$(BUNDLE_EXECUTABLE_FOLDER_PATH)/MVVM_Demo";
			};
			name = Debug;
		};
		92B1D88B2C75C0EB0090BF2F /* Release */ = {
			isa = XCBuildConfiguration;
			buildSettings = {
				ALWAYS_EMBED_SWIFT_STANDARD_LIBRARIES = YES;
				BUNDLE_LOADER = "$(TEST_HOST)";
				CODE_SIGN_STYLE = Automatic;
				CURRENT_PROJECT_VERSION = 1;
				DEVELOPMENT_TEAM = DA5STKA3G5;
				GENERATE_INFOPLIST_FILE = YES;
				IPHONEOS_DEPLOYMENT_TARGET = 17.5;
				MARKETING_VERSION = 1.0;
				PRODUCT_BUNDLE_IDENTIFIER = "tejaswini.com.MVVM-DemoTests";
				PRODUCT_NAME = "$(TARGET_NAME)";
				SWIFT_EMIT_LOC_STRINGS = NO;
				SWIFT_VERSION = 5.0;
				TARGETED_DEVICE_FAMILY = "1,2";
				TEST_HOST = "$(BUILT_PRODUCTS_DIR)/MVVM_Demo.app/$(BUNDLE_EXECUTABLE_FOLDER_PATH)/MVVM_Demo";
			};
			name = Release;
		};
		92B1D88D2C75C0EB0090BF2F /* Debug */ = {
			isa = XCBuildConfiguration;
			buildSettings = {
				ALWAYS_EMBED_SWIFT_STANDARD_LIBRARIES = YES;
				CODE_SIGN_STYLE = Automatic;
				CURRENT_PROJECT_VERSION = 1;
				DEVELOPMENT_TEAM = DA5STKA3G5;
				GENERATE_INFOPLIST_FILE = YES;
				MARKETING_VERSION = 1.0;
				PRODUCT_BUNDLE_IDENTIFIER = "tejaswini.com.MVVM-DemoUITests";
				PRODUCT_NAME = "$(TARGET_NAME)";
				SWIFT_EMIT_LOC_STRINGS = NO;
				SWIFT_VERSION = 5.0;
				TARGETED_DEVICE_FAMILY = "1,2";
				TEST_TARGET_NAME = MVVM_Demo;
			};
			name = Debug;
		};
		92B1D88E2C75C0EB0090BF2F /* Release */ = {
			isa = XCBuildConfiguration;
			buildSettings = {
				ALWAYS_EMBED_SWIFT_STANDARD_LIBRARIES = YES;
				CODE_SIGN_STYLE = Automatic;
				CURRENT_PROJECT_VERSION = 1;
				DEVELOPMENT_TEAM = DA5STKA3G5;
				GENERATE_INFOPLIST_FILE = YES;
				MARKETING_VERSION = 1.0;
				PRODUCT_BUNDLE_IDENTIFIER = "tejaswini.com.MVVM-DemoUITests";
				PRODUCT_NAME = "$(TARGET_NAME)";
				SWIFT_EMIT_LOC_STRINGS = NO;
				SWIFT_VERSION = 5.0;
				TARGETED_DEVICE_FAMILY = "1,2";
				TEST_TARGET_NAME = MVVM_Demo;
			};
			name = Release;
		};
/* End XCBuildConfiguration section */

/* Begin XCConfigurationList section */
		92B1D8572C75C0E90090BF2F /* Build configuration list for PBXProject "MVVM_Demo" */ = {
			isa = XCConfigurationList;
			buildConfigurations = (
				92B1D8842C75C0EB0090BF2F /* Debug */,
				92B1D8852C75C0EB0090BF2F /* Release */,
			);
			defaultConfigurationIsVisible = 0;
			defaultConfigurationName = Release;
		};
		92B1D8862C75C0EB0090BF2F /* Build configuration list for PBXNativeTarget "MVVM_Demo" */ = {
			isa = XCConfigurationList;
			buildConfigurations = (
				92B1D8872C75C0EB0090BF2F /* Debug */,
				92B1D8882C75C0EB0090BF2F /* Release */,
			);
			defaultConfigurationIsVisible = 0;
			defaultConfigurationName = Release;
		};
		92B1D8892C75C0EB0090BF2F /* Build configuration list for PBXNativeTarget "MVVM_DemoTests" */ = {
			isa = XCConfigurationList;
			buildConfigurations = (
				92B1D88A2C75C0EB0090BF2F /* Debug */,
				92B1D88B2C75C0EB0090BF2F /* Release */,
			);
			defaultConfigurationIsVisible = 0;
			defaultConfigurationName = Release;
		};
		92B1D88C2C75C0EB0090BF2F /* Build configuration list for PBXNativeTarget "MVVM_DemoUITests" */ = {
			isa = XCConfigurationList;
			buildConfigurations = (
				92B1D88D2C75C0EB0090BF2F /* Debug */,
				92B1D88E2C75C0EB0090BF2F /* Release */,
			);
			defaultConfigurationIsVisible = 0;
			defaultConfigurationName = Release;
		};
/* End XCConfigurationList section */
	};
	rootObject = 92B1D8542C75C0E90090BF2F /* Project object */;
}
